
Microsoft Visual Studio Solution File, Format Version 12.00
# Visual Studio 15
VisualStudioVersion = 15.0.27130.2003
MinimumVisualStudioVersion = 10.0.40219.1
Project("{2150E333-8FDC-42A3-9474-1A3956D46DE8}") = "Solution Items", "Solution Items", "{1990F4E3-081F-4F55-B5E6-97FE23D2A90E}"
EndProject
Project("{FAE04EC0-301F-11D3-BF4B-00C04F79EFBC}") = "SmartGrid", "SmartGrid\SmartGrid.csproj", "{33E9940B-864B-4DA5-9684-594599549CC3}"
EndProject
Project("{FAE04EC0-301F-11D3-BF4B-00C04F79EFBC}") = "Lib", "Lib\Lib.csproj", "{7B5FDDDD-33C1-4211-B321-F3E588BEB6FA}"
EndProject
Project("{FAE04EC0-301F-11D3-BF4B-00C04F79EFBC}") = "UnitTestProject", "UnitTestProject\UnitTestProject.csproj", "{B8B75C46-C5C8-44F7-8E13-783970DF8AB5}"
EndProject
Global
	GlobalSection(SolutionConfigurationPlatforms) = preSolution
		Debug|Any CPU = Debug|Any CPU
		Release|Any CPU = Release|Any CPU
	EndGlobalSection
	GlobalSection(ProjectConfigurationPlatforms) = postSolution
		{33E9940B-864B-4DA5-9684-594599549CC3}.Debug|Any CPU.ActiveCfg = Debug|Any CPU
		{33E9940B-864B-4DA5-9684-594599549CC3}.Debug|Any CPU.Build.0 = Debug|Any CPU
		{33E9940B-864B-4DA5-9684-594599549CC3}.Release|Any CPU.ActiveCfg = Release|Any CPU
		{33E9940B-864B-4DA5-9684-594599549CC3}.Release|Any CPU.Build.0 = Release|Any CPU
		{7B5FDDDD-33C1-4211-B321-F3E588BEB6FA}.Debug|Any CPU.ActiveCfg = Debug|Any CPU
		{7B5FDDDD-33C1-4211-B321-F3E588BEB6FA}.Debug|Any CPU.Build.0 = Debug|Any CPU
		{7B5FDDDD-33C1-4211-B321-F3E588BEB6FA}.Release|Any CPU.ActiveCfg = Release|Any CPU
		{7B5FDDDD-33C1-4211-B321-F3E588BEB6FA}.Release|Any CPU.Build.0 = Release|Any CPU
		{B8B75C46-C5C8-44F7-8E13-783970DF8AB5}.Debug|Any CPU.ActiveCfg = Debug|Any CPU
		{B8B75C46-C5C8-44F7-8E13-783970DF8AB5}.Debug|Any CPU.Build.0 = Debug|Any CPU
		{B8B75C46-C5C8-44F7-8E13-783970DF8AB5}.Release|Any CPU.ActiveCfg = Release|Any CPU
		{B8B75C46-C5C8-44F7-8E13-783970DF8AB5}.Release|Any CPU.Build.0 = Release|Any CPU
	EndGlobalSection
	GlobalSection(SolutionProperties) = preSolution
		HideSolutionNode = FALSE
	EndGlobalSection
	GlobalSection(ExtensibilityGlobals) = postSolution
		SolutionGuid = {337B2511-E004-4F19-B3FA-F1D8CC4BCE45}
	EndGlobalSection
	GlobalSection(HgVSProperties) = preSolution
		SolutionIsControlled = True
		SolutionBindings = <Solution Location In Database>
	EndGlobalSection
	GlobalSection(HgVSProperties) = preSolution
		SolutionIsControlled = True
		SolutionBindings = <Solution Location In Database>
	EndGlobalSection
	GlobalSection(HgVSProperties) = preSolution
		SolutionIsControlled = True
		SolutionBindings = <Solution Location In Database>
	EndGlobalSection
	GlobalSection(HgVSProperties) = preSolution
		SolutionIsControlled = True
		SolutionBindings = <Solution Location In Database>
	EndGlobalSection
EndGlobal
